
Microsoft Visual Studio Solution File, Format Version 12.00
# Visual Studio 15
VisualStudioVersion = 15.0.27004.2008
MinimumVisualStudioVersion = 10.0.40219.1
Project("{FAE04EC0-301F-11D3-BF4B-00C04F79EFBC}") = "WebApplication9", "WebApplication9\WebApplication9.csproj", "{286F6587-8DE9-415E-88A8-C4449796CA0B}"
EndProject
Global
	GlobalSection(SolutionConfigurationPlatforms) = preSolution
		Debug|Any CPU = Debug|Any CPU
		Release|Any CPU = Release|Any CPU
	EndGlobalSection
	GlobalSection(ProjectConfigurationPlatforms) = postSolution
		{286F6587-8DE9-415E-88A8-C4449796CA0B}.Debug|Any CPU.ActiveCfg = Debug|Any CPU
		{286F6587-8DE9-415E-88A8-C4449796CA0B}.Debug|Any CPU.Build.0 = Debug|Any CPU
		{286F6587-8DE9-415E-88A8-C4449796CA0B}.Release|Any CPU.ActiveCfg = Release|Any CPU
		{286F6587-8DE9-415E-88A8-C4449796CA0B}.Release|Any CPU.Build.0 = Release|Any CPU
	EndGlobalSection
	GlobalSection(SolutionProperties) = preSolution
		HideSolutionNode = FALSE
	EndGlobalSection
	GlobalSection(ExtensibilityGlobals) = postSolution
		SolutionGuid = {43DC6465-72BC-42DE-BB22-7A8230E2F8EF}
	EndGlobalSection
EndGlobal
